{
  "name": "locdb",
  "version": "1.1.0",
  "lockfileVersion": 1,
  "requires": true,
  "dependencies": {
    "buffer-from": {
      "version": "1.1.1",
      "resolved": "https://registry.npmjs.org/buffer-from/-/buffer-from-1.1.1.tgz",
      "integrity": "sha512-MQcXEUbCKtEo7bhqEs6560Hyd4XaovZlO/k9V3hjVUF/zwW7KBVdSK4gIt/bzwS9MbR5qob+F5jusZsb0YQK2A=="
    },
    "fast-deep-equal": {
      "version": "2.0.1",
      "resolved": "https://registry.npmjs.org/fast-deep-equal/-/fast-deep-equal-2.0.1.tgz",
      "integrity": "sha1-ewUhjd+WZ79/Nwv3/bLLFf3Qqkk="
    },
    "fmng": {
      "version": "1.0.4",
      "resolved": "https://registry.npmjs.org/fmng/-/fmng-1.0.4.tgz",
      "integrity": "sha512-FG96FWo9qdWBL4TsXi3ymHxozT5EmZ2kgyuJ7V13RVT3dAA2oAd7VRagOln8cM3mnCqsPzatEgbh8uheHlK6zA=="
    },
    "gawk": {
      "version": "4.6.4",
      "resolved": "https://registry.npmjs.org/gawk/-/gawk-4.6.4.tgz",
      "integrity": "sha512-CN2OBU1iF4QV0EjS/ZFVxODmcqXlNlW364evtYjZxXsZ0ibfKJwwd0neLX9sxb6MArGREOczstGkte4CPskpXw==",
      "requires": {
        "fast-deep-equal": "^2.0.1",
        "source-map-support": "^0.5.12"
      }
    },
    "source-map": {
      "version": "0.6.1",
      "resolved": "https://registry.npmjs.org/source-map/-/source-map-0.6.1.tgz",
      "integrity": "sha512-UjgapumWlbMhkBgzT7Ykc5YXUT46F0iKu8SGXq0bcwP5dz/h0Plj6enJqjz1Zbq2l5WaqYnrVbwWOWMyF3F47g=="
    },
    "source-map-support": {
      "version": "0.5.12",
      "resolved": "https://registry.npmjs.org/source-map-support/-/source-map-support-0.5.12.tgz",
      "integrity": "sha512-4h2Pbvyy15EE02G+JOZpUCmqWJuqrs+sEkzewTm++BPi7Hvn/HwcqLAcNxYAyI0x13CpPPn+kMjl+hplXMHITQ==",
      "requires": {
        "buffer-from": "^1.0.0",
        "source-map": "^0.6.0"
      }
    }
  }
}
